
Microsoft Visual Studio Solution File, Format Version 12.00
Project("{FAE04EC0-301F-11D3-BF4B-00C04F79EFBC}") = "Reelit", "Reelit.csproj", "{FC8230DE-B96C-4A58-B684-A7DEE4FF98DE}"
EndProject
Global
	GlobalSection(SolutionConfigurationPlatforms) = preSolution
		Debug|Any CPU = Debug|Any CPU
		Release|Any CPU = Release|Any CPU
	EndGlobalSection
	GlobalSection(ProjectConfigurationPlatforms) = postSolution
		{FC8230DE-B96C-4A58-B684-A7DEE4FF98DE}.Debug|Any CPU.ActiveCfg = Debug|Any CPU
		{FC8230DE-B96C-4A58-B684-A7DEE4FF98DE}.Debug|Any CPU.Build.0 = Debug|Any CPU
		{FC8230DE-B96C-4A58-B684-A7DEE4FF98DE}.Release|Any CPU.ActiveCfg = Release|Any CPU
		{FC8230DE-B96C-4A58-B684-A7DEE4FF98DE}.Release|Any CPU.Build.0 = Release|Any CPU
	EndGlobalSection
EndGlobal
